
Microsoft Visual Studio Solution File, Format Version 12.00
# Visual Studio Version 16
VisualStudioVersion = 16.0.30204.135
MinimumVisualStudioVersion = 10.0.40219.1
Project("{FAE04EC0-301F-11D3-BF4B-00C04F79EFBC}") = "Azure-Greeting", "Azure-Greeting\Azure-Greeting.csproj", "{1C56E2F2-216B-42CF-8BDB-65C9BEA00F33}"
EndProject
Global
	GlobalSection(SolutionConfigurationPlatforms) = preSolution
		Debug|Any CPU = Debug|Any CPU
		Release|Any CPU = Release|Any CPU
	EndGlobalSection
	GlobalSection(ProjectConfigurationPlatforms) = postSolution
		{1C56E2F2-216B-42CF-8BDB-65C9BEA00F33}.Debug|Any CPU.ActiveCfg = Debug|Any CPU
		{1C56E2F2-216B-42CF-8BDB-65C9BEA00F33}.Debug|Any CPU.Build.0 = Debug|Any CPU
		{1C56E2F2-216B-42CF-8BDB-65C9BEA00F33}.Release|Any CPU.ActiveCfg = Release|Any CPU
		{1C56E2F2-216B-42CF-8BDB-65C9BEA00F33}.Release|Any CPU.Build.0 = Release|Any CPU
	EndGlobalSection
	GlobalSection(SolutionProperties) = preSolution
		HideSolutionNode = FALSE
	EndGlobalSection
	GlobalSection(ExtensibilityGlobals) = postSolution
		SolutionGuid = {C0B5285D-F141-4BC2-BFBD-F0C61CAB5194}
	EndGlobalSection
EndGlobal
